
Microsoft Visual Studio Solution File, Format Version 12.00
Project("{FAE04EC0-301F-11D3-BF4B-00C04F79EFBC}") = "W1C4", "W1C4\W1C4.csproj", "{86D4147A-A356-49B0-AAD1-6AE0C1D88F51}"
EndProject
Project("{FAE04EC0-301F-11D3-BF4B-00C04F79EFBC}") = "W1C5", "W1C5\W1C5.csproj", "{C346014A-5C4B-4075-BA41-18CB9E0106B2}"
EndProject
Project("{FAE04EC0-301F-11D3-BF4B-00C04F79EFBC}") = "W1C6", "W1C6\W1C6.csproj", "{6F484B7D-382E-476A-BB08-9C1A383DCAE5}"
EndProject
Project("{FAE04EC0-301F-11D3-BF4B-00C04F79EFBC}") = "W1C7", "W1C7\W1C7.csproj", "{13CFAC75-95D2-42A7-B239-053DB60B73D3}"
EndProject
Project("{FAE04EC0-301F-11D3-BF4B-00C04F79EFBC}") = "W1C8", "W1C8\W1C8.csproj", "{887570F2-B4C6-4585-9DAA-E08324D13CB0}"
EndProject
Project("{FAE04EC0-301F-11D3-BF4B-00C04F79EFBC}") = "W1C9", "W1C9\W1C9.csproj", "{5AA37D19-3E49-4E98-AEB9-037723C9F3F1}"
EndProject
Project("{FAE04EC0-301F-11D3-BF4B-00C04F79EFBC}") = "W1H1", "W1H1\W1H1.csproj", "{19D1ADA7-3687-4E53-BC83-04F03F59A18C}"
EndProject
Project("{FAE04EC0-301F-11D3-BF4B-00C04F79EFBC}") = "W1H2", "W1H2\W1H2.csproj", "{F4D66B03-5194-47D4-B96B-EC2B906EA48C}"
EndProject
Project("{FAE04EC0-301F-11D3-BF4B-00C04F79EFBC}") = "W1H3", "W1H3\W1H3.csproj", "{F70EED29-7D17-4E36-AA2F-4A2DF481DDE5}"
EndProject
Project("{FAE04EC0-301F-11D3-BF4B-00C04F79EFBC}") = "W1H6", "W1H6\W1H6.csproj", "{740DAE02-A6C0-489E-AE2A-E729A4E57E6B}"
EndProject
Project("{FAE04EC0-301F-11D3-BF4B-00C04F79EFBC}") = "W1.2C1", "W1.2C1\W1.2C1.csproj", "{1E3C432C-635A-442F-85C1-13C79F459EDA}"
EndProject
Project("{FAE04EC0-301F-11D3-BF4B-00C04F79EFBC}") = "W1.2C2", "W1.2C2\W1.2C2.csproj", "{1ECE424F-F13F-47CE-8BD3-D90DAEF09C85}"
EndProject
Project("{FAE04EC0-301F-11D3-BF4B-00C04F79EFBC}") = "W1.2C3", "W1.2C3\W1.2C3.csproj", "{4E1C2826-2C36-40A8-B84E-053C49EAC4AB}"
EndProject
Project("{FAE04EC0-301F-11D3-BF4B-00C04F79EFBC}") = "W1.2C4", "W1.2C4\W1.2C4.csproj", "{DE6609D5-4200-4FA4-9EFD-5AA6B7E33F54}"
EndProject
Project("{FAE04EC0-301F-11D3-BF4B-00C04F79EFBC}") = "W1.2C5", "W1.2C5\W1.2C5.csproj", "{63342DD4-DC31-4FFB-9DDD-E960F0B575BB}"
EndProject
Global
	GlobalSection(SolutionConfigurationPlatforms) = preSolution
		Debug|Any CPU = Debug|Any CPU
		Release|Any CPU = Release|Any CPU
	EndGlobalSection
	GlobalSection(ProjectConfigurationPlatforms) = postSolution
		{86D4147A-A356-49B0-AAD1-6AE0C1D88F51}.Debug|Any CPU.ActiveCfg = Debug|Any CPU
		{86D4147A-A356-49B0-AAD1-6AE0C1D88F51}.Debug|Any CPU.Build.0 = Debug|Any CPU
		{86D4147A-A356-49B0-AAD1-6AE0C1D88F51}.Release|Any CPU.ActiveCfg = Release|Any CPU
		{86D4147A-A356-49B0-AAD1-6AE0C1D88F51}.Release|Any CPU.Build.0 = Release|Any CPU
		{C346014A-5C4B-4075-BA41-18CB9E0106B2}.Debug|Any CPU.ActiveCfg = Debug|Any CPU
		{C346014A-5C4B-4075-BA41-18CB9E0106B2}.Debug|Any CPU.Build.0 = Debug|Any CPU
		{C346014A-5C4B-4075-BA41-18CB9E0106B2}.Release|Any CPU.ActiveCfg = Release|Any CPU
		{C346014A-5C4B-4075-BA41-18CB9E0106B2}.Release|Any CPU.Build.0 = Release|Any CPU
		{6F484B7D-382E-476A-BB08-9C1A383DCAE5}.Debug|Any CPU.ActiveCfg = Debug|Any CPU
		{6F484B7D-382E-476A-BB08-9C1A383DCAE5}.Debug|Any CPU.Build.0 = Debug|Any CPU
		{6F484B7D-382E-476A-BB08-9C1A383DCAE5}.Release|Any CPU.ActiveCfg = Release|Any CPU
		{6F484B7D-382E-476A-BB08-9C1A383DCAE5}.Release|Any CPU.Build.0 = Release|Any CPU
		{13CFAC75-95D2-42A7-B239-053DB60B73D3}.Debug|Any CPU.ActiveCfg = Debug|Any CPU
		{13CFAC75-95D2-42A7-B239-053DB60B73D3}.Debug|Any CPU.Build.0 = Debug|Any CPU
		{13CFAC75-95D2-42A7-B239-053DB60B73D3}.Release|Any CPU.ActiveCfg = Release|Any CPU
		{13CFAC75-95D2-42A7-B239-053DB60B73D3}.Release|Any CPU.Build.0 = Release|Any CPU
		{887570F2-B4C6-4585-9DAA-E08324D13CB0}.Debug|Any CPU.ActiveCfg = Debug|Any CPU
		{887570F2-B4C6-4585-9DAA-E08324D13CB0}.Debug|Any CPU.Build.0 = Debug|Any CPU
		{887570F2-B4C6-4585-9DAA-E08324D13CB0}.Release|Any CPU.ActiveCfg = Release|Any CPU
		{887570F2-B4C6-4585-9DAA-E08324D13CB0}.Release|Any CPU.Build.0 = Release|Any CPU
		{5AA37D19-3E49-4E98-AEB9-037723C9F3F1}.Debug|Any CPU.ActiveCfg = Debug|Any CPU
		{5AA37D19-3E49-4E98-AEB9-037723C9F3F1}.Debug|Any CPU.Build.0 = Debug|Any CPU
		{5AA37D19-3E49-4E98-AEB9-037723C9F3F1}.Release|Any CPU.ActiveCfg = Release|Any CPU
		{5AA37D19-3E49-4E98-AEB9-037723C9F3F1}.Release|Any CPU.Build.0 = Release|Any CPU
		{19D1ADA7-3687-4E53-BC83-04F03F59A18C}.Debug|Any CPU.ActiveCfg = Debug|Any CPU
		{19D1ADA7-3687-4E53-BC83-04F03F59A18C}.Debug|Any CPU.Build.0 = Debug|Any CPU
		{19D1ADA7-3687-4E53-BC83-04F03F59A18C}.Release|Any CPU.ActiveCfg = Release|Any CPU
		{19D1ADA7-3687-4E53-BC83-04F03F59A18C}.Release|Any CPU.Build.0 = Release|Any CPU
		{F4D66B03-5194-47D4-B96B-EC2B906EA48C}.Debug|Any CPU.ActiveCfg = Debug|Any CPU
		{F4D66B03-5194-47D4-B96B-EC2B906EA48C}.Debug|Any CPU.Build.0 = Debug|Any CPU
		{F4D66B03-5194-47D4-B96B-EC2B906EA48C}.Release|Any CPU.ActiveCfg = Release|Any CPU
		{F4D66B03-5194-47D4-B96B-EC2B906EA48C}.Release|Any CPU.Build.0 = Release|Any CPU
		{F70EED29-7D17-4E36-AA2F-4A2DF481DDE5}.Debug|Any CPU.ActiveCfg = Debug|Any CPU
		{F70EED29-7D17-4E36-AA2F-4A2DF481DDE5}.Debug|Any CPU.Build.0 = Debug|Any CPU
		{F70EED29-7D17-4E36-AA2F-4A2DF481DDE5}.Release|Any CPU.ActiveCfg = Release|Any CPU
		{F70EED29-7D17-4E36-AA2F-4A2DF481DDE5}.Release|Any CPU.Build.0 = Release|Any CPU
		{740DAE02-A6C0-489E-AE2A-E729A4E57E6B}.Debug|Any CPU.ActiveCfg = Debug|Any CPU
		{740DAE02-A6C0-489E-AE2A-E729A4E57E6B}.Debug|Any CPU.Build.0 = Debug|Any CPU
		{740DAE02-A6C0-489E-AE2A-E729A4E57E6B}.Release|Any CPU.ActiveCfg = Release|Any CPU
		{740DAE02-A6C0-489E-AE2A-E729A4E57E6B}.Release|Any CPU.Build.0 = Release|Any CPU
		{1E3C432C-635A-442F-85C1-13C79F459EDA}.Debug|Any CPU.ActiveCfg = Debug|Any CPU
		{1E3C432C-635A-442F-85C1-13C79F459EDA}.Debug|Any CPU.Build.0 = Debug|Any CPU
		{1E3C432C-635A-442F-85C1-13C79F459EDA}.Release|Any CPU.ActiveCfg = Release|Any CPU
		{1E3C432C-635A-442F-85C1-13C79F459EDA}.Release|Any CPU.Build.0 = Release|Any CPU
		{1ECE424F-F13F-47CE-8BD3-D90DAEF09C85}.Debug|Any CPU.ActiveCfg = Debug|Any CPU
		{1ECE424F-F13F-47CE-8BD3-D90DAEF09C85}.Debug|Any CPU.Build.0 = Debug|Any CPU
		{1ECE424F-F13F-47CE-8BD3-D90DAEF09C85}.Release|Any CPU.ActiveCfg = Release|Any CPU
		{1ECE424F-F13F-47CE-8BD3-D90DAEF09C85}.Release|Any CPU.Build.0 = Release|Any CPU
		{4E1C2826-2C36-40A8-B84E-053C49EAC4AB}.Debug|Any CPU.ActiveCfg = Debug|Any CPU
		{4E1C2826-2C36-40A8-B84E-053C49EAC4AB}.Debug|Any CPU.Build.0 = Debug|Any CPU
		{4E1C2826-2C36-40A8-B84E-053C49EAC4AB}.Release|Any CPU.ActiveCfg = Release|Any CPU
		{4E1C2826-2C36-40A8-B84E-053C49EAC4AB}.Release|Any CPU.Build.0 = Release|Any CPU
		{DE6609D5-4200-4FA4-9EFD-5AA6B7E33F54}.Debug|Any CPU.ActiveCfg = Debug|Any CPU
		{DE6609D5-4200-4FA4-9EFD-5AA6B7E33F54}.Debug|Any CPU.Build.0 = Debug|Any CPU
		{DE6609D5-4200-4FA4-9EFD-5AA6B7E33F54}.Release|Any CPU.ActiveCfg = Release|Any CPU
		{DE6609D5-4200-4FA4-9EFD-5AA6B7E33F54}.Release|Any CPU.Build.0 = Release|Any CPU
		{63342DD4-DC31-4FFB-9DDD-E960F0B575BB}.Debug|Any CPU.ActiveCfg = Debug|Any CPU
		{63342DD4-DC31-4FFB-9DDD-E960F0B575BB}.Debug|Any CPU.Build.0 = Debug|Any CPU
		{63342DD4-DC31-4FFB-9DDD-E960F0B575BB}.Release|Any CPU.ActiveCfg = Release|Any CPU
		{63342DD4-DC31-4FFB-9DDD-E960F0B575BB}.Release|Any CPU.Build.0 = Release|Any CPU
	EndGlobalSection
EndGlobal
